
Microsoft Visual Studio Solution File, Format Version 12.00
# Visual Studio Version 16
VisualStudioVersion = 16.0.30114.105
MinimumVisualStudioVersion = 10.0.40219.1
Project("{FAE04EC0-301F-11D3-BF4B-00C04F79EFBC}") = "SalesWebMVC", "SalesWebMVC\SalesWebMVC.csproj", "{FBA9CC4A-840C-402C-8915-E8A60F5478A7}"
EndProject
Global
	GlobalSection(SolutionConfigurationPlatforms) = preSolution
		Debug|Any CPU = Debug|Any CPU
		Release|Any CPU = Release|Any CPU
	EndGlobalSection
	GlobalSection(ProjectConfigurationPlatforms) = postSolution
		{FBA9CC4A-840C-402C-8915-E8A60F5478A7}.Debug|Any CPU.ActiveCfg = Debug|Any CPU
		{FBA9CC4A-840C-402C-8915-E8A60F5478A7}.Debug|Any CPU.Build.0 = Debug|Any CPU
		{FBA9CC4A-840C-402C-8915-E8A60F5478A7}.Release|Any CPU.ActiveCfg = Release|Any CPU
		{FBA9CC4A-840C-402C-8915-E8A60F5478A7}.Release|Any CPU.Build.0 = Release|Any CPU
	EndGlobalSection
	GlobalSection(SolutionProperties) = preSolution
		HideSolutionNode = FALSE
	EndGlobalSection
	GlobalSection(ExtensibilityGlobals) = postSolution
		SolutionGuid = {46F37BC6-EE4F-4F4E-80E3-12B1A0D9BEEA}
	EndGlobalSection
EndGlobal
